
Microsoft Visual Studio Solution File, Format Version 12.00
# Visual Studio Version 16
VisualStudioVersion = 25.0.1706.7
MinimumVisualStudioVersion = 10.0.40219.1
Project("{FAE04EC0-301F-11D3-BF4B-00C04F79EFBC}") = "CheckDomainControl", "CheckDomainControl\CheckDomainControl.csproj", "{273F52A7-172E-4E30-8CF9-18C5F3E8B329}"
EndProject
Global
	GlobalSection(SolutionConfigurationPlatforms) = preSolution
		Debug|Any CPU = Debug|Any CPU
		Release|Any CPU = Release|Any CPU
	EndGlobalSection
	GlobalSection(ProjectConfigurationPlatforms) = postSolution
		{273F52A7-172E-4E30-8CF9-18C5F3E8B329}.Debug|Any CPU.ActiveCfg = Debug|Any CPU
		{273F52A7-172E-4E30-8CF9-18C5F3E8B329}.Debug|Any CPU.Build.0 = Debug|Any CPU
		{273F52A7-172E-4E30-8CF9-18C5F3E8B329}.Release|Any CPU.ActiveCfg = Release|Any CPU
		{273F52A7-172E-4E30-8CF9-18C5F3E8B329}.Release|Any CPU.Build.0 = Release|Any CPU
	EndGlobalSection
	GlobalSection(SolutionProperties) = preSolution
		HideSolutionNode = FALSE
	EndGlobalSection
	GlobalSection(ExtensibilityGlobals) = postSolution
		SolutionGuid = {0A96A75B-A2A1-4846-81E2-16171B7E4D34}
	EndGlobalSection
EndGlobal
